// !$*UTF8*$!
{
	archiveVersion = 1;
	classes = {
	};
	objectVersion = 50;
	objects = {

/* Begin PBXBuildFile section */
		39F10112289943F7008C3F9C /* AppDelegate.swift in Sources */ = {isa = PBXBuildFile; fileRef = 39F10111289943F7008C3F9C /* AppDelegate.swift */; };
		39F10114289943F7008C3F9C /* SceneDelegate.swift in Sources */ = {isa = PBXBuildFile; fileRef = 39F10113289943F7008C3F9C /* SceneDelegate.swift */; };
		39F10116289943F7008C3F9C /* ViewController.swift in Sources */ = {isa = PBXBuildFile; fileRef = 39F10115289943F7008C3F9C /* ViewController.swift */; };
		39F10119289943F7008C3F9C /* Main.storyboard in Resources */ = {isa = PBXBuildFile; fileRef = 39F10117289943F7008C3F9C /* Main.storyboard */; };
		39F1011B289943FA008C3F9C /* Assets.xcassets in Resources */ = {isa = PBXBuildFile; fileRef = 39F1011A289943FA008C3F9C /* Assets.xcassets */; };
		39F1011E289943FA008C3F9C /* LaunchScreen.storyboard in Resources */ = {isa = PBXBuildFile; fileRef = 39F1011C289943FA008C3F9C /* LaunchScreen.storyboard */; };
		39F10128289972E8008C3F9C /* Question.swift in Sources */ = {isa = PBXBuildFile; fileRef = 39F10127289972E8008C3F9C /* Question.swift */; };
		39F1012A289972FB008C3F9C /* QuizBrain.swift in Sources */ = {isa = PBXBuildFile; fileRef = 39F10129289972FB008C3F9C /* QuizBrain.swift */; };
/* End PBXBuildFile section */

/* Begin PBXFileReference section */
		39F1010E289943F7008C3F9C /* QuizGame App.app */ = {isa = PBXFileReference; explicitFileType = wrapper.application; includeInIndex = 0; path = "QuizGame App.app"; sourceTree = BUILT_PRODUCTS_DIR; };
		39F10111289943F7008C3F9C /* AppDelegate.swift */ = {isa = PBXFileReference; lastKnownFileType = sourcecode.swift; path = AppDelegate.swift; sourceTree = "<group>"; };
		39F10113289943F7008C3F9C /* SceneDelegate.swift */ = {isa = PBXFileReference; lastKnownFileType = sourcecode.swift; path = SceneDelegate.swift; sourceTree = "<group>"; };
		39F10115289943F7008C3F9C /* ViewController.swift */ = {isa = PBXFileReference; lastKnownFileType = sourcecode.swift; path = ViewController.swift; sourceTree = "<group>"; };
		39F10118289943F7008C3F9C /* Base */ = {isa = PBXFileReference; lastKnownFileType = file.storyboard; name = Base; path = Base.lproj/Main.storyboard; sourceTree = "<group>"; };
		39F1011A289943FA008C3F9C /* Assets.xcassets */ = {isa = PBXFileReference; lastKnownFileType = folder.assetcatalog; path = Assets.xcassets; sourceTree = "<group>"; };
		39F1011D289943FA008C3F9C /* Base */ = {isa = PBXFileReference; lastKnownFileType = file.storyboard; name = Base; path = Base.lproj/LaunchScreen.storyboard; sourceTree = "<group>"; };
		39F1011F289943FA008C3F9C /* Info.plist */ = {isa = PBXFileReference; lastKnownFileType = text.plist.xml; path = Info.plist; sourceTree = "<group>"; };
		39F10127289972E8008C3F9C /* Question.swift */ = {isa = PBXFileReference; lastKnownFileType = sourcecode.swift; path = Question.swift; sourceTree = "<group>"; };
		39F10129289972FB008C3F9C /* QuizBrain.swift */ = {isa = PBXFileReference; lastKnownFileType = sourcecode.swift; path = QuizBrain.swift; sourceTree = "<group>"; };
/* End PBXFileReference section */

/* Begin PBXFrameworksBuildPhase section */
		39F1010B289943F7008C3F9C /* Frameworks */ = {
			isa = PBXFrameworksBuildPhase;
			buildActionMask = 2147483647;
			files = (
			);
			runOnlyForDeploymentPostprocessing = 0;
		};
/* End PBXFrameworksBuildPhase section */

/* Begin PBXGroup section */
		39F10105289943F7008C3F9C = {
			isa = PBXGroup;
			children = (
				39F10110289943F7008C3F9C /* QuizGame App */,
				39F1010F289943F7008C3F9C /* Products */,
			);
			sourceTree = "<group>";
		};
		39F1010F289943F7008C3F9C /* Products */ = {
			isa = PBXGroup;
			children = (
				39F1010E289943F7008C3F9C /* QuizGame App.app */,
			);
			name = Products;
			sourceTree = "<group>";
		};
		39F10110289943F7008C3F9C /* QuizGame App */ = {
			isa = PBXGroup;
			children = (
				39F10111289943F7008C3F9C /* AppDelegate.swift */,
				39F10113289943F7008C3F9C /* SceneDelegate.swift */,
				39F1012B28997302008C3F9C /* Model */,
				39F101252899729A008C3F9C /* View */,
				39F10126289972BB008C3F9C /* Controller */,
				39F1011A289943FA008C3F9C /* Assets.xcassets */,
				39F1011C289943FA008C3F9C /* LaunchScreen.storyboard */,
				39F1011F289943FA008C3F9C /* Info.plist */,
			);
			path = "QuizGame App";
			sourceTree = "<group>";
		};
		39F101252899729A008C3F9C /* View */ = {
			isa = PBXGroup;
			children = (
				39F10117289943F7008C3F9C /* Main.storyboard */,
			);
			path = View;
			sourceTree = "<group>";
		};
		39F10126289972BB008C3F9C /* Controller */ = {
			isa = PBXGroup;
			children = (
				39F10115289943F7008C3F9C /* ViewController.swift */,
			);
			path = Controller;
			sourceTree = "<group>";
		};
		39F1012B28997302008C3F9C /* Model */ = {
			isa = PBXGroup;
			children = (
				39F10127289972E8008C3F9C /* Question.swift */,
				39F10129289972FB008C3F9C /* QuizBrain.swift */,
			);
			path = Model;
			sourceTree = "<group>";
		};
/* End PBXGroup section */

/* Begin PBXNativeTarget section */
		39F1010D289943F7008C3F9C /* QuizGame App */ = {
			isa = PBXNativeTarget;
			buildConfigurationList = 39F10122289943FA008C3F9C /* Build configuration list for PBXNativeTarget "QuizGame App" */;
			buildPhases = (
				39F1010A289943F7008C3F9C /* Sources */,
				39F1010B289943F7008C3F9C /* Frameworks */,
				39F1010C289943F7008C3F9C /* Resources */,
			);
			buildRules = (
			);
			dependencies = (
			);
			name = "QuizGame App";
			productName = "QuizGame App";
			productReference = 39F1010E289943F7008C3F9C /* QuizGame App.app */;
			productType = "com.apple.product-type.application";
		};
/* End PBXNativeTarget section */

/* Begin PBXProject section */
		39F10106289943F7008C3F9C /* Project object */ = {
			isa = PBXProject;
			attributes = {
				LastSwiftUpdateCheck = 1160;
				LastUpgradeCheck = 1160;
				ORGANIZATIONNAME = Nayeem;
				TargetAttributes = {
					39F1010D289943F7008C3F9C = {
						CreatedOnToolsVersion = 11.6;
					};
				};
			};
			buildConfigurationList = 39F10109289943F7008C3F9C /* Build configuration list for PBXProject "QuizGame App" */;
			compatibilityVersion = "Xcode 9.3";
			developmentRegion = en;
			hasScannedForEncodings = 0;
			knownRegions = (
				en,
				Base,
			);
			mainGroup = 39F10105289943F7008C3F9C;
			productRefGroup = 39F1010F289943F7008C3F9C /* Products */;
			projectDirPath = "";
			projectRoot = "";
			targets = (
				39F1010D289943F7008C3F9C /* QuizGame App */,
			);
		};
/* End PBXProject section */

/* Begin PBXResourcesBuildPhase section */
		39F1010C289943F7008C3F9C /* Resources */ = {
			isa = PBXResourcesBuildPhase;
			buildActionMask = 2147483647;
			files = (
				39F1011E289943FA008C3F9C /* LaunchScreen.storyboard in Resources */,
				39F1011B289943FA008C3F9C /* Assets.xcassets in Resources */,
				39F10119289943F7008C3F9C /* Main.storyboard in Resources */,
			);
			runOnlyForDeploymentPostprocessing = 0;
		};
/* End PBXResourcesBuildPhase section */

/* Begin PBXSourcesBuildPhase section */
		39F1010A289943F7008C3F9C /* Sources */ = {
			isa = PBXSourcesBuildPhase;
			buildActionMask = 2147483647;
			files = (
				39F1012A289972FB008C3F9C /* QuizBrain.swift in Sources */,
				39F10116289943F7008C3F9C /* ViewController.swift in Sources */,
				39F10128289972E8008C3F9C /* Question.swift in Sources */,
				39F10112289943F7008C3F9C /* AppDelegate.swift in Sources */,
				39F10114289943F7008C3F9C /* SceneDelegate.swift in Sources */,
			);
			runOnlyForDeploymentPostprocessing = 0;
		};
/* End PBXSourcesBuildPhase section */

/* Begin PBXVariantGroup section */
		39F10117289943F7008C3F9C /* Main.storyboard */ = {
			isa = PBXVariantGroup;
			children = (
				39F10118289943F7008C3F9C /* Base */,
			);
			name = Main.storyboard;
			sourceTree = "<group>";
		};
		39F1011C289943FA008C3F9C /* LaunchScreen.storyboard */ = {
			isa = PBXVariantGroup;
			children = (
				39F1011D289943FA008C3F9C /* Base */,
			);
			name = LaunchScreen.storyboard;
			sourceTree = "<group>";
		};
/* End PBXVariantGroup section */

/* Begin XCBuildConfiguration section */
		39F10120289943FA008C3F9C /* Debug */ = {
			isa = XCBuildConfiguration;
			buildSettings = {
				ALWAYS_SEARCH_USER_PATHS = NO;
				CLANG_ANALYZER_NONNULL = YES;
				CLANG_ANALYZER_NUMBER_OBJECT_CONVERSION = YES_AGGRESSIVE;
				CLANG_CXX_LANGUAGE_STANDARD = "gnu++14";
				CLANG_CXX_LIBRARY = "libc++";
				CLANG_ENABLE_MODULES = YES;
				CLANG_ENABLE_OBJC_ARC = YES;
				CLANG_ENABLE_OBJC_WEAK = YES;
				CLANG_WARN_BLOCK_CAPTURE_AUTORELEASING = YES;
				CLANG_WARN_BOOL_CONVERSION = YES;
				CLANG_WARN_COMMA = YES;
				CLANG_WARN_CONSTANT_CONVERSION = YES;
				CLANG_WARN_DEPRECATED_OBJC_IMPLEMENTATIONS = YES;
				CLANG_WARN_DIRECT_OBJC_ISA_USAGE = YES_ERROR;
				CLANG_WARN_DOCUMENTATION_COMMENTS = YES;
				CLANG_WARN_EMPTY_BODY = YES;
				CLANG_WARN_ENUM_CONVERSION = YES;
				CLANG_WARN_INFINITE_RECURSION = YES;
				CLANG_WARN_INT_CONVERSION = YES;
				CLANG_WARN_NON_LITERAL_NULL_CONVERSION = YES;
				CLANG_WARN_OBJC_IMPLICIT_RETAIN_SELF = YES;
				CLANG_WARN_OBJC_LITERAL_CONVERSION = YES;
				CLANG_WARN_OBJC_ROOT_CLASS = YES_ERROR;
				CLANG_WARN_RANGE_LOOP_ANALYSIS = YES;
				CLANG_WARN_STRICT_PROTOTYPES = YES;
				CLANG_WARN_SUSPICIOUS_MOVE = YES;
				CLANG_WARN_UNGUARDED_AVAILABILITY = YES_AGGRESSIVE;
				CLANG_WARN_UNREACHABLE_CODE = YES;
				CLANG_WARN__DUPLICATE_METHOD_MATCH = YES;
				COPY_PHASE_STRIP = NO;
				DEBUG_INFORMATION_FORMAT = dwarf;
				ENABLE_STRICT_OBJC_MSGSEND = YES;
				ENABLE_TESTABILITY = YES;
				GCC_C_LANGUAGE_STANDARD = gnu11;
				GCC_DYNAMIC_NO_PIC = NO;
				GCC_NO_COMMON_BLOCKS = YES;
				GCC_OPTIMIZATION_LEVEL = 0;
				GCC_PREPROCESSOR_DEFINITIONS = (
					"DEBUG=1",
					"$(inherited)",
				);
				GCC_WARN_64_TO_32_BIT_CONVERSION = YES;
				GCC_WARN_ABOUT_RETURN_TYPE = YES_ERROR;
				GCC_WARN_UNDECLARED_SELECTOR = YES;
				GCC_WARN_UNINITIALIZED_AUTOS = YES_AGGRESSIVE;
				GCC_WARN_UNUSED_FUNCTION = YES;
				GCC_WARN_UNUSED_VARIABLE = YES;
				IPHONEOS_DEPLOYMENT_TARGET = 13.6;
				MTL_ENABLE_DEBUG_INFO = INCLUDE_SOURCE;
				MTL_FAST_MATH = YES;
				ONLY_ACTIVE_ARCH = YES;
				SDKROOT = iphoneos;
				SWIFT_ACTIVE_COMPILATION_CONDITIONS = DEBUG;
				SWIFT_OPTIMIZATION_LEVEL = "-Onone";
			};
			name = Debug;
		};
		39F10121289943FA008C3F9C /* Release */ = {
			isa = XCBuildConfiguration;
			buildSettings = {
				ALWAYS_SEARCH_USER_PATHS = NO;
				CLANG_ANALYZER_NONNULL = YES;
				CLANG_ANALYZER_NUMBER_OBJECT_CONVERSION = YES_AGGRESSIVE;
				CLANG_CXX_LANGUAGE_STANDARD = "gnu++14";
				CLANG_CXX_LIBRARY = "libc++";
				CLANG_ENABLE_MODULES = YES;
				CLANG_ENABLE_OBJC_ARC = YES;
				CLANG_ENABLE_OBJC_WEAK = YES;
				CLANG_WARN_BLOCK_CAPTURE_AUTORELEASING = YES;
				CLANG_WARN_BOOL_CONVERSION = YES;
				CLANG_WARN_COMMA = YES;
				CLANG_WARN_CONSTANT_CONVERSION = YES;
				CLANG_WARN_DEPRECATED_OBJC_IMPLEMENTATIONS = YES;
				CLANG_WARN_DIRECT_OBJC_ISA_USAGE = YES_ERROR;
				CLANG_WARN_DOCUMENTATION_COMMENTS = YES;
				CLANG_WARN_EMPTY_BODY = YES;
				CLANG_WARN_ENUM_CONVERSION = YES;
				CLANG_WARN_INFINITE_RECURSION = YES;
				CLANG_WARN_INT_CONVERSION = YES;
				CLANG_WARN_NON_LITERAL_NULL_CONVERSION = YES;
				CLANG_WARN_OBJC_IMPLICIT_RETAIN_SELF = YES;
				CLANG_WARN_OBJC_LITERAL_CONVERSION = YES;
				CLANG_WARN_OBJC_ROOT_CLASS = YES_ERROR;
				CLANG_WARN_RANGE_LOOP_ANALYSIS = YES;
				CLANG_WARN_STRICT_PROTOTYPES = YES;
				CLANG_WARN_SUSPICIOUS_MOVE = YES;
				CLANG_WARN_UNGUARDED_AVAILABILITY = YES_AGGRESSIVE;
				CLANG_WARN_UNREACHABLE_CODE = YES;
				CLANG_WARN__DUPLICATE_METHOD_MATCH = YES;
				COPY_PHASE_STRIP = NO;
				DEBUG_INFORMATION_FORMAT = "dwarf-with-dsym";
				ENABLE_NS_ASSERTIONS = NO;
				ENABLE_STRICT_OBJC_MSGSEND = YES;
				GCC_C_LANGUAGE_STANDARD = gnu11;
				GCC_NO_COMMON_BLOCKS = YES;
				GCC_WARN_64_TO_32_BIT_CONVERSION = YES;
				GCC_WARN_ABOUT_RETURN_TYPE = YES_ERROR;
				GCC_WARN_UNDECLARED_SELECTOR = YES;
				GCC_WARN_UNINITIALIZED_AUTOS = YES_AGGRESSIVE;
				GCC_WARN_UNUSED_FUNCTION = YES;
				GCC_WARN_UNUSED_VARIABLE = YES;
				IPHONEOS_DEPLOYMENT_TARGET = 13.6;
				MTL_ENABLE_DEBUG_INFO = NO;
				MTL_FAST_MATH = YES;
				SDKROOT = iphoneos;
				SWIFT_COMPILATION_MODE = wholemodule;
				SWIFT_OPTIMIZATION_LEVEL = "-O";
				VALIDATE_PRODUCT = YES;
			};
			name = Release;
		};
		39F10123289943FA008C3F9C /* Debug */ = {
			isa = XCBuildConfiguration;
			buildSettings = {
				ASSETCATALOG_COMPILER_APPICON_NAME = AppIcon;
				CODE_SIGN_STYLE = Automatic;
				DEVELOPMENT_TEAM = ZLQVH3DJX4;
				INFOPLIST_FILE = "QuizGame App/Info.plist";
				LD_RUNPATH_SEARCH_PATHS = (
					"$(inherited)",
					"@executable_path/Frameworks",
				);
				PRODUCT_BUNDLE_IDENTIFIER = "com.Nayeemnazmul.QuizGame-App";
				PRODUCT_NAME = "$(TARGET_NAME)";
				SWIFT_VERSION = 5.0;
				TARGETED_DEVICE_FAMILY = "1,2";
			};
			name = Debug;
		};
		39F10124289943FA008C3F9C /* Release */ = {
			isa = XCBuildConfiguration;
			buildSettings = {
				ASSETCATALOG_COMPILER_APPICON_NAME = AppIcon;
				CODE_SIGN_STYLE = Automatic;
				DEVELOPMENT_TEAM = ZLQVH3DJX4;
				INFOPLIST_FILE = "QuizGame App/Info.plist";
				LD_RUNPATH_SEARCH_PATHS = (
					"$(inherited)",
					"@executable_path/Frameworks",
				);
				PRODUCT_BUNDLE_IDENTIFIER = "com.Nayeemnazmul.QuizGame-App";
				PRODUCT_NAME = "$(TARGET_NAME)";
				SWIFT_VERSION = 5.0;
				TARGETED_DEVICE_FAMILY = "1,2";
			};
			name = Release;
		};
/* End XCBuildConfiguration section */

/* Begin XCConfigurationList section */
		39F10109289943F7008C3F9C /* Build configuration list for PBXProject "QuizGame App" */ = {
			isa = XCConfigurationList;
			buildConfigurations = (
				39F10120289943FA008C3F9C /* Debug */,
				39F10121289943FA008C3F9C /* Release */,
			);
			defaultConfigurationIsVisible = 0;
			defaultConfigurationName = Release;
		};
		39F10122289943FA008C3F9C /* Build configuration list for PBXNativeTarget "QuizGame App" */ = {
			isa = XCConfigurationList;
			buildConfigurations = (
				39F10123289943FA008C3F9C /* Debug */,
				39F10124289943FA008C3F9C /* Release */,
			);
			defaultConfigurationIsVisible = 0;
			defaultConfigurationName = Release;
		};
/* End XCConfigurationList section */
	};
	rootObject = 39F10106289943F7008C3F9C /* Project object */;
}
